
Microsoft Visual Studio Solution File, Format Version 12.00
# Visual Studio Version 17
VisualStudioVersion = 17.12.35527.113
MinimumVisualStudioVersion = 10.0.40219.1
Project("{8BC9CEB8-8B4A-11D0-8D11-00A0C91BC942}") = "DataType", "DataType\DataType.vcxproj", "{6B3FE4A8-9A45-4C55-B2F0-9AD8CA398CA2}"
EndProject
Project("{8BC9CEB8-8B4A-11D0-8D11-00A0C91BC942}") = "DoubleFree", "DoubleFree\DoubleFree.vcxproj", "{80864093-15EF-4393-9D8B-7FF959DA6F7E}"
EndProject
Project("{8BC9CEB8-8B4A-11D0-8D11-00A0C91BC942}") = "EqualRange", "EqualRange\EqualRange.vcxproj", "{982AE9EF-C03A-4EF9-97BC-81204033175F}"
EndProject
Project("{8BC9CEB8-8B4A-11D0-8D11-00A0C91BC942}") = "Constructor", "Constructor\Constructor.vcxproj", "{0818D950-D972-4883-BA74-07CD335E045C}"
EndProject
Project("{8BC9CEB8-8B4A-11D0-8D11-00A0C91BC942}") = "Functional", "Functional\Functional.vcxproj", "{CFB8222C-E25B-4F77-9238-A1311884D96D}"
EndProject
Project("{8BC9CEB8-8B4A-11D0-8D11-00A0C91BC942}") = "Hash", "Hash\Hash.vcxproj", "{8BC23980-CFD3-4148-A805-012D7F6F33BF}"
EndProject
Global
	GlobalSection(SolutionConfigurationPlatforms) = preSolution
		Debug|x64 = Debug|x64
		Debug|x86 = Debug|x86
		Release|x64 = Release|x64
		Release|x86 = Release|x86
	EndGlobalSection
	GlobalSection(ProjectConfigurationPlatforms) = postSolution
		{6B3FE4A8-9A45-4C55-B2F0-9AD8CA398CA2}.Debug|x64.ActiveCfg = Debug|x64
		{6B3FE4A8-9A45-4C55-B2F0-9AD8CA398CA2}.Debug|x64.Build.0 = Debug|x64
		{6B3FE4A8-9A45-4C55-B2F0-9AD8CA398CA2}.Debug|x86.ActiveCfg = Debug|Win32
		{6B3FE4A8-9A45-4C55-B2F0-9AD8CA398CA2}.Debug|x86.Build.0 = Debug|Win32
		{6B3FE4A8-9A45-4C55-B2F0-9AD8CA398CA2}.Release|x64.ActiveCfg = Release|x64
		{6B3FE4A8-9A45-4C55-B2F0-9AD8CA398CA2}.Release|x64.Build.0 = Release|x64
		{6B3FE4A8-9A45-4C55-B2F0-9AD8CA398CA2}.Release|x86.ActiveCfg = Release|Win32
		{6B3FE4A8-9A45-4C55-B2F0-9AD8CA398CA2}.Release|x86.Build.0 = Release|Win32
		{80864093-15EF-4393-9D8B-7FF959DA6F7E}.Debug|x64.ActiveCfg = Debug|x64
		{80864093-15EF-4393-9D8B-7FF959DA6F7E}.Debug|x64.Build.0 = Debug|x64
		{80864093-15EF-4393-9D8B-7FF959DA6F7E}.Debug|x86.ActiveCfg = Debug|Win32
		{80864093-15EF-4393-9D8B-7FF959DA6F7E}.Debug|x86.Build.0 = Debug|Win32
		{80864093-15EF-4393-9D8B-7FF959DA6F7E}.Release|x64.ActiveCfg = Release|x64
		{80864093-15EF-4393-9D8B-7FF959DA6F7E}.Release|x64.Build.0 = Release|x64
		{80864093-15EF-4393-9D8B-7FF959DA6F7E}.Release|x86.ActiveCfg = Release|Win32
		{80864093-15EF-4393-9D8B-7FF959DA6F7E}.Release|x86.Build.0 = Release|Win32
		{982AE9EF-C03A-4EF9-97BC-81204033175F}.Debug|x64.ActiveCfg = Debug|x64
		{982AE9EF-C03A-4EF9-97BC-81204033175F}.Debug|x64.Build.0 = Debug|x64
		{982AE9EF-C03A-4EF9-97BC-81204033175F}.Debug|x86.ActiveCfg = Debug|Win32
		{982AE9EF-C03A-4EF9-97BC-81204033175F}.Debug|x86.Build.0 = Debug|Win32
		{982AE9EF-C03A-4EF9-97BC-81204033175F}.Release|x64.ActiveCfg = Release|x64
		{982AE9EF-C03A-4EF9-97BC-81204033175F}.Release|x64.Build.0 = Release|x64
		{982AE9EF-C03A-4EF9-97BC-81204033175F}.Release|x86.ActiveCfg = Release|Win32
		{982AE9EF-C03A-4EF9-97BC-81204033175F}.Release|x86.Build.0 = Release|Win32
		{0818D950-D972-4883-BA74-07CD335E045C}.Debug|x64.ActiveCfg = Debug|x64
		{0818D950-D972-4883-BA74-07CD335E045C}.Debug|x64.Build.0 = Debug|x64
		{0818D950-D972-4883-BA74-07CD335E045C}.Debug|x86.ActiveCfg = Debug|Win32
		{0818D950-D972-4883-BA74-07CD335E045C}.Debug|x86.Build.0 = Debug|Win32
		{0818D950-D972-4883-BA74-07CD335E045C}.Release|x64.ActiveCfg = Release|x64
		{0818D950-D972-4883-BA74-07CD335E045C}.Release|x64.Build.0 = Release|x64
		{0818D950-D972-4883-BA74-07CD335E045C}.Release|x86.ActiveCfg = Release|Win32
		{0818D950-D972-4883-BA74-07CD335E045C}.Release|x86.Build.0 = Release|Win32
		{CFB8222C-E25B-4F77-9238-A1311884D96D}.Debug|x64.ActiveCfg = Debug|x64
		{CFB8222C-E25B-4F77-9238-A1311884D96D}.Debug|x64.Build.0 = Debug|x64
		{CFB8222C-E25B-4F77-9238-A1311884D96D}.Debug|x86.ActiveCfg = Debug|Win32
		{CFB8222C-E25B-4F77-9238-A1311884D96D}.Debug|x86.Build.0 = Debug|Win32
		{CFB8222C-E25B-4F77-9238-A1311884D96D}.Release|x64.ActiveCfg = Release|x64
		{CFB8222C-E25B-4F77-9238-A1311884D96D}.Release|x64.Build.0 = Release|x64
		{CFB8222C-E25B-4F77-9238-A1311884D96D}.Release|x86.ActiveCfg = Release|Win32
		{CFB8222C-E25B-4F77-9238-A1311884D96D}.Release|x86.Build.0 = Release|Win32
		{8BC23980-CFD3-4148-A805-012D7F6F33BF}.Debug|x64.ActiveCfg = Debug|x64
		{8BC23980-CFD3-4148-A805-012D7F6F33BF}.Debug|x64.Build.0 = Debug|x64
		{8BC23980-CFD3-4148-A805-012D7F6F33BF}.Debug|x86.ActiveCfg = Debug|Win32
		{8BC23980-CFD3-4148-A805-012D7F6F33BF}.Debug|x86.Build.0 = Debug|Win32
		{8BC23980-CFD3-4148-A805-012D7F6F33BF}.Release|x64.ActiveCfg = Release|x64
		{8BC23980-CFD3-4148-A805-012D7F6F33BF}.Release|x64.Build.0 = Release|x64
		{8BC23980-CFD3-4148-A805-012D7F6F33BF}.Release|x86.ActiveCfg = Release|Win32
		{8BC23980-CFD3-4148-A805-012D7F6F33BF}.Release|x86.Build.0 = Release|Win32
	EndGlobalSection
	GlobalSection(SolutionProperties) = preSolution
		HideSolutionNode = FALSE
	EndGlobalSection
EndGlobal
