
Microsoft Visual Studio Solution File, Format Version 12.00
# Visual Studio Version 17
VisualStudioVersion = 17.12.35527.113
MinimumVisualStudioVersion = 10.0.40219.1
Project("{8BC9CEB8-8B4A-11D0-8D11-00A0C91BC942}") = "DataType", "DataType\DataType.vcxproj", "{6B3FE4A8-9A45-4C55-B2F0-9AD8CA398CA2}"
EndProject
Project("{8BC9CEB8-8B4A-11D0-8D11-00A0C91BC942}") = "DoubleFree", "DoubleFree\DoubleFree.vcxproj", "{80864093-15EF-4393-9D8B-7FF959DA6F7E}"
EndProject
Project("{8BC9CEB8-8B4A-11D0-8D11-00A0C91BC942}") = "EqualRange", "EqualRange\EqualRange.vcxproj", "{982AE9EF-C03A-4EF9-97BC-81204033175F}"
EndProject
Project("{8BC9CEB8-8B4A-11D0-8D11-00A0C91BC942}") = "Constructor", "Constructor\Constructor.vcxproj", "{0818D950-D972-4883-BA74-07CD335E045C}"
EndProject
Project("{8BC9CEB8-8B4A-11D0-8D11-00A0C91BC942}") = "Functional", "Functional\Functional.vcxproj", "{CFB8222C-E25B-4F77-9238-A1311884D96D}"
EndProject
Project("{8BC9CEB8-8B4A-11D0-8D11-00A0C91BC942}") = "Hash", "Hash\Hash.vcxproj", "{8BC23980-CFD3-4148-A805-012D7F6F33BF}"
EndProject
Project("{8BC9CEB8-8B4A-11D0-8D11-00A0C91BC942}") = "Iterator", "Iterator\Iterator.vcxproj", "{83773C62-95A9-4B60-9328-709626F6F337}"
EndProject
Project("{8BC9CEB8-8B4A-11D0-8D11-00A0C91BC942}") = "DataSave", "DataSave\DataSave.vcxproj", "{6EA68BD6-222B-4CEA-9BB9-20EAB2D28094}"
EndProject
Project("{8BC9CEB8-8B4A-11D0-8D11-00A0C91BC942}") = "MemoryAddress", "MemoryAddress\MemoryAddress.vcxproj", "{7817F55C-5BCE-4F01-A246-3A202F3A4294}"
EndProject
Project("{8BC9CEB8-8B4A-11D0-8D11-00A0C91BC942}") = "Permutation", "Permutation\Permutation.vcxproj", "{554F00B7-51B8-4738-B7E9-38D70998767B}"
EndProject
Project("{8BC9CEB8-8B4A-11D0-8D11-00A0C91BC942}") = "RValueRef", "RValueRef\RValueRef.vcxproj", "{CF90867E-3DCE-4E95-9B92-24BF463A60BD}"
EndProject
Project("{8BC9CEB8-8B4A-11D0-8D11-00A0C91BC942}") = "Memory Padding", "Memory Padding\Memory Padding.vcxproj", "{2AA73693-5B3D-4AE1-B46F-CAAB30DC37C7}"
EndProject
Project("{8BC9CEB8-8B4A-11D0-8D11-00A0C91BC942}") = "Span", "Span\Span.vcxproj", "{A5E66B00-76B3-4793-B4AA-86D0CC0F48EA}"
EndProject
Project("{8BC9CEB8-8B4A-11D0-8D11-00A0C91BC942}") = "String", "String\String.vcxproj", "{67DCF924-11C3-4306-ABE4-80214B6AD5CC}"
EndProject
Project("{8BC9CEB8-8B4A-11D0-8D11-00A0C91BC942}") = "StringView", "StringView\StringView.vcxproj", "{05DEFD13-CC88-4E5B-9690-17E7574D8F43}"
EndProject
Project("{8BC9CEB8-8B4A-11D0-8D11-00A0C91BC942}") = "TypedefAndUsing", "TypedefAndUsing\TypedefAndUsing.vcxproj", "{7FF07BD9-FD8E-40C9-8320-2DF3629FA0B6}"
EndProject
Global
	GlobalSection(SolutionConfigurationPlatforms) = preSolution
		Debug|x64 = Debug|x64
		Debug|x86 = Debug|x86
		Release|x64 = Release|x64
		Release|x86 = Release|x86
	EndGlobalSection
	GlobalSection(ProjectConfigurationPlatforms) = postSolution
		{6B3FE4A8-9A45-4C55-B2F0-9AD8CA398CA2}.Debug|x64.ActiveCfg = Debug|x64
		{6B3FE4A8-9A45-4C55-B2F0-9AD8CA398CA2}.Debug|x64.Build.0 = Debug|x64
		{6B3FE4A8-9A45-4C55-B2F0-9AD8CA398CA2}.Debug|x86.ActiveCfg = Debug|Win32
		{6B3FE4A8-9A45-4C55-B2F0-9AD8CA398CA2}.Debug|x86.Build.0 = Debug|Win32
		{6B3FE4A8-9A45-4C55-B2F0-9AD8CA398CA2}.Release|x64.ActiveCfg = Release|x64
		{6B3FE4A8-9A45-4C55-B2F0-9AD8CA398CA2}.Release|x64.Build.0 = Release|x64
		{6B3FE4A8-9A45-4C55-B2F0-9AD8CA398CA2}.Release|x86.ActiveCfg = Release|Win32
		{6B3FE4A8-9A45-4C55-B2F0-9AD8CA398CA2}.Release|x86.Build.0 = Release|Win32
		{80864093-15EF-4393-9D8B-7FF959DA6F7E}.Debug|x64.ActiveCfg = Debug|x64
		{80864093-15EF-4393-9D8B-7FF959DA6F7E}.Debug|x64.Build.0 = Debug|x64
		{80864093-15EF-4393-9D8B-7FF959DA6F7E}.Debug|x86.ActiveCfg = Debug|Win32
		{80864093-15EF-4393-9D8B-7FF959DA6F7E}.Debug|x86.Build.0 = Debug|Win32
		{80864093-15EF-4393-9D8B-7FF959DA6F7E}.Release|x64.ActiveCfg = Release|x64
		{80864093-15EF-4393-9D8B-7FF959DA6F7E}.Release|x64.Build.0 = Release|x64
		{80864093-15EF-4393-9D8B-7FF959DA6F7E}.Release|x86.ActiveCfg = Release|Win32
		{80864093-15EF-4393-9D8B-7FF959DA6F7E}.Release|x86.Build.0 = Release|Win32
		{982AE9EF-C03A-4EF9-97BC-81204033175F}.Debug|x64.ActiveCfg = Debug|x64
		{982AE9EF-C03A-4EF9-97BC-81204033175F}.Debug|x64.Build.0 = Debug|x64
		{982AE9EF-C03A-4EF9-97BC-81204033175F}.Debug|x86.ActiveCfg = Debug|Win32
		{982AE9EF-C03A-4EF9-97BC-81204033175F}.Debug|x86.Build.0 = Debug|Win32
		{982AE9EF-C03A-4EF9-97BC-81204033175F}.Release|x64.ActiveCfg = Release|x64
		{982AE9EF-C03A-4EF9-97BC-81204033175F}.Release|x64.Build.0 = Release|x64
		{982AE9EF-C03A-4EF9-97BC-81204033175F}.Release|x86.ActiveCfg = Release|Win32
		{982AE9EF-C03A-4EF9-97BC-81204033175F}.Release|x86.Build.0 = Release|Win32
		{0818D950-D972-4883-BA74-07CD335E045C}.Debug|x64.ActiveCfg = Debug|x64
		{0818D950-D972-4883-BA74-07CD335E045C}.Debug|x64.Build.0 = Debug|x64
		{0818D950-D972-4883-BA74-07CD335E045C}.Debug|x86.ActiveCfg = Debug|Win32
		{0818D950-D972-4883-BA74-07CD335E045C}.Debug|x86.Build.0 = Debug|Win32
		{0818D950-D972-4883-BA74-07CD335E045C}.Release|x64.ActiveCfg = Release|x64
		{0818D950-D972-4883-BA74-07CD335E045C}.Release|x64.Build.0 = Release|x64
		{0818D950-D972-4883-BA74-07CD335E045C}.Release|x86.ActiveCfg = Release|Win32
		{0818D950-D972-4883-BA74-07CD335E045C}.Release|x86.Build.0 = Release|Win32
		{CFB8222C-E25B-4F77-9238-A1311884D96D}.Debug|x64.ActiveCfg = Debug|x64
		{CFB8222C-E25B-4F77-9238-A1311884D96D}.Debug|x64.Build.0 = Debug|x64
		{CFB8222C-E25B-4F77-9238-A1311884D96D}.Debug|x86.ActiveCfg = Debug|Win32
		{CFB8222C-E25B-4F77-9238-A1311884D96D}.Debug|x86.Build.0 = Debug|Win32
		{CFB8222C-E25B-4F77-9238-A1311884D96D}.Release|x64.ActiveCfg = Release|x64
		{CFB8222C-E25B-4F77-9238-A1311884D96D}.Release|x64.Build.0 = Release|x64
		{CFB8222C-E25B-4F77-9238-A1311884D96D}.Release|x86.ActiveCfg = Release|Win32
		{CFB8222C-E25B-4F77-9238-A1311884D96D}.Release|x86.Build.0 = Release|Win32
		{8BC23980-CFD3-4148-A805-012D7F6F33BF}.Debug|x64.ActiveCfg = Debug|x64
		{8BC23980-CFD3-4148-A805-012D7F6F33BF}.Debug|x64.Build.0 = Debug|x64
		{8BC23980-CFD3-4148-A805-012D7F6F33BF}.Debug|x86.ActiveCfg = Debug|Win32
		{8BC23980-CFD3-4148-A805-012D7F6F33BF}.Debug|x86.Build.0 = Debug|Win32
		{8BC23980-CFD3-4148-A805-012D7F6F33BF}.Release|x64.ActiveCfg = Release|x64
		{8BC23980-CFD3-4148-A805-012D7F6F33BF}.Release|x64.Build.0 = Release|x64
		{8BC23980-CFD3-4148-A805-012D7F6F33BF}.Release|x86.ActiveCfg = Release|Win32
		{8BC23980-CFD3-4148-A805-012D7F6F33BF}.Release|x86.Build.0 = Release|Win32
		{83773C62-95A9-4B60-9328-709626F6F337}.Debug|x64.ActiveCfg = Debug|x64
		{83773C62-95A9-4B60-9328-709626F6F337}.Debug|x64.Build.0 = Debug|x64
		{83773C62-95A9-4B60-9328-709626F6F337}.Debug|x86.ActiveCfg = Debug|Win32
		{83773C62-95A9-4B60-9328-709626F6F337}.Debug|x86.Build.0 = Debug|Win32
		{83773C62-95A9-4B60-9328-709626F6F337}.Release|x64.ActiveCfg = Release|x64
		{83773C62-95A9-4B60-9328-709626F6F337}.Release|x64.Build.0 = Release|x64
		{83773C62-95A9-4B60-9328-709626F6F337}.Release|x86.ActiveCfg = Release|Win32
		{83773C62-95A9-4B60-9328-709626F6F337}.Release|x86.Build.0 = Release|Win32
		{6EA68BD6-222B-4CEA-9BB9-20EAB2D28094}.Debug|x64.ActiveCfg = Debug|x64
		{6EA68BD6-222B-4CEA-9BB9-20EAB2D28094}.Debug|x64.Build.0 = Debug|x64
		{6EA68BD6-222B-4CEA-9BB9-20EAB2D28094}.Debug|x86.ActiveCfg = Debug|Win32
		{6EA68BD6-222B-4CEA-9BB9-20EAB2D28094}.Debug|x86.Build.0 = Debug|Win32
		{6EA68BD6-222B-4CEA-9BB9-20EAB2D28094}.Release|x64.ActiveCfg = Release|x64
		{6EA68BD6-222B-4CEA-9BB9-20EAB2D28094}.Release|x64.Build.0 = Release|x64
		{6EA68BD6-222B-4CEA-9BB9-20EAB2D28094}.Release|x86.ActiveCfg = Release|Win32
		{6EA68BD6-222B-4CEA-9BB9-20EAB2D28094}.Release|x86.Build.0 = Release|Win32
		{7817F55C-5BCE-4F01-A246-3A202F3A4294}.Debug|x64.ActiveCfg = Debug|x64
		{7817F55C-5BCE-4F01-A246-3A202F3A4294}.Debug|x64.Build.0 = Debug|x64
		{7817F55C-5BCE-4F01-A246-3A202F3A4294}.Debug|x86.ActiveCfg = Debug|Win32
		{7817F55C-5BCE-4F01-A246-3A202F3A4294}.Debug|x86.Build.0 = Debug|Win32
		{7817F55C-5BCE-4F01-A246-3A202F3A4294}.Release|x64.ActiveCfg = Release|x64
		{7817F55C-5BCE-4F01-A246-3A202F3A4294}.Release|x64.Build.0 = Release|x64
		{7817F55C-5BCE-4F01-A246-3A202F3A4294}.Release|x86.ActiveCfg = Release|Win32
		{7817F55C-5BCE-4F01-A246-3A202F3A4294}.Release|x86.Build.0 = Release|Win32
		{554F00B7-51B8-4738-B7E9-38D70998767B}.Debug|x64.ActiveCfg = Debug|x64
		{554F00B7-51B8-4738-B7E9-38D70998767B}.Debug|x64.Build.0 = Debug|x64
		{554F00B7-51B8-4738-B7E9-38D70998767B}.Debug|x86.ActiveCfg = Debug|Win32
		{554F00B7-51B8-4738-B7E9-38D70998767B}.Debug|x86.Build.0 = Debug|Win32
		{554F00B7-51B8-4738-B7E9-38D70998767B}.Release|x64.ActiveCfg = Release|x64
		{554F00B7-51B8-4738-B7E9-38D70998767B}.Release|x64.Build.0 = Release|x64
		{554F00B7-51B8-4738-B7E9-38D70998767B}.Release|x86.ActiveCfg = Release|Win32
		{554F00B7-51B8-4738-B7E9-38D70998767B}.Release|x86.Build.0 = Release|Win32
		{CF90867E-3DCE-4E95-9B92-24BF463A60BD}.Debug|x64.ActiveCfg = Debug|x64
		{CF90867E-3DCE-4E95-9B92-24BF463A60BD}.Debug|x64.Build.0 = Debug|x64
		{CF90867E-3DCE-4E95-9B92-24BF463A60BD}.Debug|x86.ActiveCfg = Debug|Win32
		{CF90867E-3DCE-4E95-9B92-24BF463A60BD}.Debug|x86.Build.0 = Debug|Win32
		{CF90867E-3DCE-4E95-9B92-24BF463A60BD}.Release|x64.ActiveCfg = Release|x64
		{CF90867E-3DCE-4E95-9B92-24BF463A60BD}.Release|x64.Build.0 = Release|x64
		{CF90867E-3DCE-4E95-9B92-24BF463A60BD}.Release|x86.ActiveCfg = Release|Win32
		{CF90867E-3DCE-4E95-9B92-24BF463A60BD}.Release|x86.Build.0 = Release|Win32
		{2AA73693-5B3D-4AE1-B46F-CAAB30DC37C7}.Debug|x64.ActiveCfg = Debug|x64
		{2AA73693-5B3D-4AE1-B46F-CAAB30DC37C7}.Debug|x64.Build.0 = Debug|x64
		{2AA73693-5B3D-4AE1-B46F-CAAB30DC37C7}.Debug|x86.ActiveCfg = Debug|Win32
		{2AA73693-5B3D-4AE1-B46F-CAAB30DC37C7}.Debug|x86.Build.0 = Debug|Win32
		{2AA73693-5B3D-4AE1-B46F-CAAB30DC37C7}.Release|x64.ActiveCfg = Release|x64
		{2AA73693-5B3D-4AE1-B46F-CAAB30DC37C7}.Release|x64.Build.0 = Release|x64
		{2AA73693-5B3D-4AE1-B46F-CAAB30DC37C7}.Release|x86.ActiveCfg = Release|Win32
		{2AA73693-5B3D-4AE1-B46F-CAAB30DC37C7}.Release|x86.Build.0 = Release|Win32
		{A5E66B00-76B3-4793-B4AA-86D0CC0F48EA}.Debug|x64.ActiveCfg = Debug|x64
		{A5E66B00-76B3-4793-B4AA-86D0CC0F48EA}.Debug|x64.Build.0 = Debug|x64
		{A5E66B00-76B3-4793-B4AA-86D0CC0F48EA}.Debug|x86.ActiveCfg = Debug|Win32
		{A5E66B00-76B3-4793-B4AA-86D0CC0F48EA}.Debug|x86.Build.0 = Debug|Win32
		{A5E66B00-76B3-4793-B4AA-86D0CC0F48EA}.Release|x64.ActiveCfg = Release|x64
		{A5E66B00-76B3-4793-B4AA-86D0CC0F48EA}.Release|x64.Build.0 = Release|x64
		{A5E66B00-76B3-4793-B4AA-86D0CC0F48EA}.Release|x86.ActiveCfg = Release|Win32
		{A5E66B00-76B3-4793-B4AA-86D0CC0F48EA}.Release|x86.Build.0 = Release|Win32
		{67DCF924-11C3-4306-ABE4-80214B6AD5CC}.Debug|x64.ActiveCfg = Debug|x64
		{67DCF924-11C3-4306-ABE4-80214B6AD5CC}.Debug|x64.Build.0 = Debug|x64
		{67DCF924-11C3-4306-ABE4-80214B6AD5CC}.Debug|x86.ActiveCfg = Debug|Win32
		{67DCF924-11C3-4306-ABE4-80214B6AD5CC}.Debug|x86.Build.0 = Debug|Win32
		{67DCF924-11C3-4306-ABE4-80214B6AD5CC}.Release|x64.ActiveCfg = Release|x64
		{67DCF924-11C3-4306-ABE4-80214B6AD5CC}.Release|x64.Build.0 = Release|x64
		{67DCF924-11C3-4306-ABE4-80214B6AD5CC}.Release|x86.ActiveCfg = Release|Win32
		{67DCF924-11C3-4306-ABE4-80214B6AD5CC}.Release|x86.Build.0 = Release|Win32
		{05DEFD13-CC88-4E5B-9690-17E7574D8F43}.Debug|x64.ActiveCfg = Debug|x64
		{05DEFD13-CC88-4E5B-9690-17E7574D8F43}.Debug|x64.Build.0 = Debug|x64
		{05DEFD13-CC88-4E5B-9690-17E7574D8F43}.Debug|x86.ActiveCfg = Debug|Win32
		{05DEFD13-CC88-4E5B-9690-17E7574D8F43}.Debug|x86.Build.0 = Debug|Win32
		{05DEFD13-CC88-4E5B-9690-17E7574D8F43}.Release|x64.ActiveCfg = Release|x64
		{05DEFD13-CC88-4E5B-9690-17E7574D8F43}.Release|x64.Build.0 = Release|x64
		{05DEFD13-CC88-4E5B-9690-17E7574D8F43}.Release|x86.ActiveCfg = Release|Win32
		{05DEFD13-CC88-4E5B-9690-17E7574D8F43}.Release|x86.Build.0 = Release|Win32
		{7FF07BD9-FD8E-40C9-8320-2DF3629FA0B6}.Debug|x64.ActiveCfg = Debug|x64
		{7FF07BD9-FD8E-40C9-8320-2DF3629FA0B6}.Debug|x64.Build.0 = Debug|x64
		{7FF07BD9-FD8E-40C9-8320-2DF3629FA0B6}.Debug|x86.ActiveCfg = Debug|Win32
		{7FF07BD9-FD8E-40C9-8320-2DF3629FA0B6}.Debug|x86.Build.0 = Debug|Win32
		{7FF07BD9-FD8E-40C9-8320-2DF3629FA0B6}.Release|x64.ActiveCfg = Release|x64
		{7FF07BD9-FD8E-40C9-8320-2DF3629FA0B6}.Release|x64.Build.0 = Release|x64
		{7FF07BD9-FD8E-40C9-8320-2DF3629FA0B6}.Release|x86.ActiveCfg = Release|Win32
		{7FF07BD9-FD8E-40C9-8320-2DF3629FA0B6}.Release|x86.Build.0 = Release|Win32
	EndGlobalSection
	GlobalSection(SolutionProperties) = preSolution
		HideSolutionNode = FALSE
	EndGlobalSection
EndGlobal
